# THIS IS AN AUTOGENERATED FILE. DO NOT EDIT THIS FILE DIRECTLY.
# yarn lockfile v1


animate.css@^4.1.1:
  version "4.1.1"
  resolved "https://registry.npmmirror.com/animate.css/-/animate.css-4.1.1.tgz#614ec5a81131d7e4dc362a58143f7406abd68075"
  integrity sha512-+mRmCTv6SbCmtYJCN4faJMNFVNN5EuCTTprDTAo7YzIGji2KADmakjVA3+8mVDkZ2Bf09vayB35lSQIex2+QaQ==

nanoid@^4.0.0:
  version "4.0.0"
  resolved "https://registry.npmmirror.com/nanoid/-/nanoid-4.0.0.tgz#6e144dee117609232c3f415c34b0e550e64999a5"
  integrity sha512-IgBP8piMxe/gf73RTQx7hmnhwz0aaEXYakvqZyE302IXW3HyVNhdNGC+O2MwMAVhLEnvXlvKtGbtJf6wvHihCg==

pubsub-js@^1.9.4:
  version "1.9.4"
  resolved "https://registry.npmmirror.com/pubsub-js/-/pubsub-js-1.9.4.tgz#5c8678600e34e95b1269e96c17e1b51dab3ecb5a"
  integrity sha512-hJYpaDvPH4w8ZX/0Fdf9ma1AwRgU353GfbaVfPjfJQf1KxZ2iHaHl3fAUw1qlJIR5dr4F3RzjGaWohYUEyoh7A==
